
Microsoft Visual Studio Solution File, Format Version 12.00
# Visual Studio Version 17
VisualStudioVersion = 17.4.33213.308
MinimumVisualStudioVersion = 10.0.40219.1
Project("{FAE04EC0-301F-11D3-BF4B-00C04F79EFBC}") = "DemoBankAccount", "DemoBankAccount\DemoBankAccount.csproj", "{5642D051-79EC-4965-A93D-6A5931A034A9}"
EndProject
Global
	GlobalSection(SolutionConfigurationPlatforms) = preSolution
		Debug|Any CPU = Debug|Any CPU
		Release|Any CPU = Release|Any CPU
	EndGlobalSection
	GlobalSection(ProjectConfigurationPlatforms) = postSolution
		{5642D051-79EC-4965-A93D-6A5931A034A9}.Debug|Any CPU.ActiveCfg = Debug|Any CPU
		{5642D051-79EC-4965-A93D-6A5931A034A9}.Debug|Any CPU.Build.0 = Debug|Any CPU
		{5642D051-79EC-4965-A93D-6A5931A034A9}.Release|Any CPU.ActiveCfg = Release|Any CPU
		{5642D051-79EC-4965-A93D-6A5931A034A9}.Release|Any CPU.Build.0 = Release|Any CPU
	EndGlobalSection
	GlobalSection(SolutionProperties) = preSolution
		HideSolutionNode = FALSE
	EndGlobalSection
	GlobalSection(ExtensibilityGlobals) = postSolution
		SolutionGuid = {37DD7618-D5F0-4EBF-8A7C-A4769DFC1BE0}
	EndGlobalSection
EndGlobal
